
Microsoft Visual Studio Solution File, Format Version 9.00
# Visual Studio 2005
Project("{FAE04EC0-301F-11D3-BF4B-00C04F79EFBC}") = "csharp-delegate", "csharp-delegate\csharp-delegate.csproj", "{0F0D5772-B39C-4520-B48C-54F9CA805F3A}"
EndProject
Project("{FAE04EC0-301F-11D3-BF4B-00C04F79EFBC}") = "369", "369\369.csproj", "{86583710-C350-4C92-B55D-0DE3FC05EC2C}"
EndProject
Project("{FAE04EC0-301F-11D3-BF4B-00C04F79EFBC}") = "test", "test\test.csproj", "{7A301AAF-CA32-41FA-A60E-13B113B11201}"
EndProject
Project("{FAE04EC0-301F-11D3-BF4B-00C04F79EFBC}") = "generic", "string배열\generic.csproj", "{6F6ADA1D-BE2B-4C0E-A1CC-FD6E2E189F73}"
EndProject
Project("{FAE04EC0-301F-11D3-BF4B-00C04F79EFBC}") = "dictionary", "dictionary\dictionary.csproj", "{14CA304F-EDB8-4885-9EB0-26FF3121FE91}"
EndProject
Global
	GlobalSection(SolutionConfigurationPlatforms) = preSolution
		Debug|Any CPU = Debug|Any CPU
		Release|Any CPU = Release|Any CPU
	EndGlobalSection
	GlobalSection(ProjectConfigurationPlatforms) = postSolution
		{0F0D5772-B39C-4520-B48C-54F9CA805F3A}.Debug|Any CPU.ActiveCfg = Debug|Any CPU
		{0F0D5772-B39C-4520-B48C-54F9CA805F3A}.Debug|Any CPU.Build.0 = Debug|Any CPU
		{0F0D5772-B39C-4520-B48C-54F9CA805F3A}.Release|Any CPU.ActiveCfg = Release|Any CPU
		{0F0D5772-B39C-4520-B48C-54F9CA805F3A}.Release|Any CPU.Build.0 = Release|Any CPU
		{86583710-C350-4C92-B55D-0DE3FC05EC2C}.Debug|Any CPU.ActiveCfg = Debug|Any CPU
		{86583710-C350-4C92-B55D-0DE3FC05EC2C}.Debug|Any CPU.Build.0 = Debug|Any CPU
		{86583710-C350-4C92-B55D-0DE3FC05EC2C}.Release|Any CPU.ActiveCfg = Release|Any CPU
		{86583710-C350-4C92-B55D-0DE3FC05EC2C}.Release|Any CPU.Build.0 = Release|Any CPU
		{7A301AAF-CA32-41FA-A60E-13B113B11201}.Debug|Any CPU.ActiveCfg = Debug|Any CPU
		{7A301AAF-CA32-41FA-A60E-13B113B11201}.Debug|Any CPU.Build.0 = Debug|Any CPU
		{7A301AAF-CA32-41FA-A60E-13B113B11201}.Release|Any CPU.ActiveCfg = Release|Any CPU
		{7A301AAF-CA32-41FA-A60E-13B113B11201}.Release|Any CPU.Build.0 = Release|Any CPU
		{6F6ADA1D-BE2B-4C0E-A1CC-FD6E2E189F73}.Debug|Any CPU.ActiveCfg = Debug|Any CPU
		{6F6ADA1D-BE2B-4C0E-A1CC-FD6E2E189F73}.Debug|Any CPU.Build.0 = Debug|Any CPU
		{6F6ADA1D-BE2B-4C0E-A1CC-FD6E2E189F73}.Release|Any CPU.ActiveCfg = Release|Any CPU
		{6F6ADA1D-BE2B-4C0E-A1CC-FD6E2E189F73}.Release|Any CPU.Build.0 = Release|Any CPU
		{14CA304F-EDB8-4885-9EB0-26FF3121FE91}.Debug|Any CPU.ActiveCfg = Debug|Any CPU
		{14CA304F-EDB8-4885-9EB0-26FF3121FE91}.Debug|Any CPU.Build.0 = Debug|Any CPU
		{14CA304F-EDB8-4885-9EB0-26FF3121FE91}.Release|Any CPU.ActiveCfg = Release|Any CPU
		{14CA304F-EDB8-4885-9EB0-26FF3121FE91}.Release|Any CPU.Build.0 = Release|Any CPU
	EndGlobalSection
	GlobalSection(SolutionProperties) = preSolution
		HideSolutionNode = FALSE
	EndGlobalSection
EndGlobal
