
Microsoft Visual Studio Solution File, Format Version 9.00
# Visual Studio 2005
Project("{FAE04EC0-301F-11D3-BF4B-00C04F79EFBC}") = "농부타이쿤", "스레드\농부타이쿤.csproj", "{5EEA69BB-5999-40CE-A28F-B8DDB8342B0D}"
EndProject
Project("{FAE04EC0-301F-11D3-BF4B-00C04F79EFBC}") = "스레드생성", "스레드생성\스레드생성.csproj", "{B4FCE8B4-3A2A-4700-92EC-9C7D869CE87B}"
EndProject
Project("{FAE04EC0-301F-11D3-BF4B-00C04F79EFBC}") = "스레드락", "스레드락\스레드락.csproj", "{44788834-B876-4582-A9FD-EBFD037B8F98}"
EndProject
Project("{FAE04EC0-301F-11D3-BF4B-00C04F79EFBC}") = "모니터", "모니터\모니터.csproj", "{C0AB8965-4DBB-4CF2-B670-6E99BFC72381}"
EndProject
Project("{FAE04EC0-301F-11D3-BF4B-00C04F79EFBC}") = "버튼이미지", "버튼이미지\버튼이미지.csproj", "{E1A11A20-2924-42D2-9B3B-11466191136C}"
EndProject
Global
	GlobalSection(SolutionConfigurationPlatforms) = preSolution
		Debug|Any CPU = Debug|Any CPU
		Release|Any CPU = Release|Any CPU
	EndGlobalSection
	GlobalSection(ProjectConfigurationPlatforms) = postSolution
		{5EEA69BB-5999-40CE-A28F-B8DDB8342B0D}.Debug|Any CPU.ActiveCfg = Debug|Any CPU
		{5EEA69BB-5999-40CE-A28F-B8DDB8342B0D}.Debug|Any CPU.Build.0 = Debug|Any CPU
		{5EEA69BB-5999-40CE-A28F-B8DDB8342B0D}.Release|Any CPU.ActiveCfg = Release|Any CPU
		{5EEA69BB-5999-40CE-A28F-B8DDB8342B0D}.Release|Any CPU.Build.0 = Release|Any CPU
		{B4FCE8B4-3A2A-4700-92EC-9C7D869CE87B}.Debug|Any CPU.ActiveCfg = Debug|Any CPU
		{B4FCE8B4-3A2A-4700-92EC-9C7D869CE87B}.Debug|Any CPU.Build.0 = Debug|Any CPU
		{B4FCE8B4-3A2A-4700-92EC-9C7D869CE87B}.Release|Any CPU.ActiveCfg = Release|Any CPU
		{B4FCE8B4-3A2A-4700-92EC-9C7D869CE87B}.Release|Any CPU.Build.0 = Release|Any CPU
		{44788834-B876-4582-A9FD-EBFD037B8F98}.Debug|Any CPU.ActiveCfg = Debug|Any CPU
		{44788834-B876-4582-A9FD-EBFD037B8F98}.Debug|Any CPU.Build.0 = Debug|Any CPU
		{44788834-B876-4582-A9FD-EBFD037B8F98}.Release|Any CPU.ActiveCfg = Release|Any CPU
		{44788834-B876-4582-A9FD-EBFD037B8F98}.Release|Any CPU.Build.0 = Release|Any CPU
		{C0AB8965-4DBB-4CF2-B670-6E99BFC72381}.Debug|Any CPU.ActiveCfg = Debug|Any CPU
		{C0AB8965-4DBB-4CF2-B670-6E99BFC72381}.Debug|Any CPU.Build.0 = Debug|Any CPU
		{C0AB8965-4DBB-4CF2-B670-6E99BFC72381}.Release|Any CPU.ActiveCfg = Release|Any CPU
		{C0AB8965-4DBB-4CF2-B670-6E99BFC72381}.Release|Any CPU.Build.0 = Release|Any CPU
		{E1A11A20-2924-42D2-9B3B-11466191136C}.Debug|Any CPU.ActiveCfg = Debug|Any CPU
		{E1A11A20-2924-42D2-9B3B-11466191136C}.Debug|Any CPU.Build.0 = Debug|Any CPU
		{E1A11A20-2924-42D2-9B3B-11466191136C}.Release|Any CPU.ActiveCfg = Release|Any CPU
		{E1A11A20-2924-42D2-9B3B-11466191136C}.Release|Any CPU.Build.0 = Release|Any CPU
	EndGlobalSection
	GlobalSection(SolutionProperties) = preSolution
		HideSolutionNode = FALSE
	EndGlobalSection
EndGlobal
