
Microsoft Visual Studio Solution File, Format Version 9.00
# Visual Studio 2005
Project("{8BC9CEB8-8B4A-11D0-8D11-00A0C91BC942}") = "01. static", "클래스 연습\클래스 연습.vcproj", "{35F21A76-7D9B-4D30-B6B6-5ED3E4FB9C02}"
EndProject
Project("{8BC9CEB8-8B4A-11D0-8D11-00A0C91BC942}") = "02. static 카운팅", "02. static 카운팅\02. static 카운팅.vcproj", "{765940E1-A63B-4E15-9E0A-A06051DA4211}"
EndProject
Project("{8BC9CEB8-8B4A-11D0-8D11-00A0C91BC942}") = "03. 클래스 관계(상속 포함)", "03. 클래스 관계\03. 클래스 관계.vcproj", "{D8078018-6366-4EF9-8529-FB99BDCDCFF5}"
EndProject
Project("{8BC9CEB8-8B4A-11D0-8D11-00A0C91BC942}") = "04. 창고와 편의점", "04. 창고와 편의점\04. 창고와 편의점.vcproj", "{1BB59CD2-20AA-4F7C-9085-10A148A75CE7}"
EndProject
Global
	GlobalSection(SolutionConfigurationPlatforms) = preSolution
		Debug|Win32 = Debug|Win32
		Release|Win32 = Release|Win32
	EndGlobalSection
	GlobalSection(ProjectConfigurationPlatforms) = postSolution
		{35F21A76-7D9B-4D30-B6B6-5ED3E4FB9C02}.Debug|Win32.ActiveCfg = Debug|Win32
		{35F21A76-7D9B-4D30-B6B6-5ED3E4FB9C02}.Debug|Win32.Build.0 = Debug|Win32
		{35F21A76-7D9B-4D30-B6B6-5ED3E4FB9C02}.Release|Win32.ActiveCfg = Release|Win32
		{35F21A76-7D9B-4D30-B6B6-5ED3E4FB9C02}.Release|Win32.Build.0 = Release|Win32
		{765940E1-A63B-4E15-9E0A-A06051DA4211}.Debug|Win32.ActiveCfg = Debug|Win32
		{765940E1-A63B-4E15-9E0A-A06051DA4211}.Debug|Win32.Build.0 = Debug|Win32
		{765940E1-A63B-4E15-9E0A-A06051DA4211}.Release|Win32.ActiveCfg = Release|Win32
		{765940E1-A63B-4E15-9E0A-A06051DA4211}.Release|Win32.Build.0 = Release|Win32
		{D8078018-6366-4EF9-8529-FB99BDCDCFF5}.Debug|Win32.ActiveCfg = Debug|Win32
		{D8078018-6366-4EF9-8529-FB99BDCDCFF5}.Debug|Win32.Build.0 = Debug|Win32
		{D8078018-6366-4EF9-8529-FB99BDCDCFF5}.Release|Win32.ActiveCfg = Release|Win32
		{D8078018-6366-4EF9-8529-FB99BDCDCFF5}.Release|Win32.Build.0 = Release|Win32
		{1BB59CD2-20AA-4F7C-9085-10A148A75CE7}.Debug|Win32.ActiveCfg = Debug|Win32
		{1BB59CD2-20AA-4F7C-9085-10A148A75CE7}.Debug|Win32.Build.0 = Debug|Win32
		{1BB59CD2-20AA-4F7C-9085-10A148A75CE7}.Release|Win32.ActiveCfg = Release|Win32
		{1BB59CD2-20AA-4F7C-9085-10A148A75CE7}.Release|Win32.Build.0 = Release|Win32
	EndGlobalSection
	GlobalSection(SolutionProperties) = preSolution
		HideSolutionNode = FALSE
	EndGlobalSection
EndGlobal
