
Microsoft Visual Studio Solution File, Format Version 12.00
# Visual Studio 14
VisualStudioVersion = 14.0.25420.1
MinimumVisualStudioVersion = 10.0.40219.1
Project("{8BC9CEB8-8B4A-11D0-8D11-00A0C91BC942}") = "그림판", "그림판\그림판.vcxproj", "{9A373FD4-7DC9-4B1F-9F8D-35CBC957C44B}"
EndProject
Project("{8BC9CEB8-8B4A-11D0-8D11-00A0C91BC942}") = "하젠장", "하젠장\하젠장.vcxproj", "{9136A649-8B98-4209-831E-97D6CA3C88F5}"
EndProject
Global
	GlobalSection(SolutionConfigurationPlatforms) = preSolution
		Debug|x64 = Debug|x64
		Debug|x86 = Debug|x86
		Release|x64 = Release|x64
		Release|x86 = Release|x86
	EndGlobalSection
	GlobalSection(ProjectConfigurationPlatforms) = postSolution
		{9A373FD4-7DC9-4B1F-9F8D-35CBC957C44B}.Debug|x64.ActiveCfg = Debug|x64
		{9A373FD4-7DC9-4B1F-9F8D-35CBC957C44B}.Debug|x64.Build.0 = Debug|x64
		{9A373FD4-7DC9-4B1F-9F8D-35CBC957C44B}.Debug|x86.ActiveCfg = Debug|Win32
		{9A373FD4-7DC9-4B1F-9F8D-35CBC957C44B}.Debug|x86.Build.0 = Debug|Win32
		{9A373FD4-7DC9-4B1F-9F8D-35CBC957C44B}.Release|x64.ActiveCfg = Release|x64
		{9A373FD4-7DC9-4B1F-9F8D-35CBC957C44B}.Release|x64.Build.0 = Release|x64
		{9A373FD4-7DC9-4B1F-9F8D-35CBC957C44B}.Release|x86.ActiveCfg = Release|Win32
		{9A373FD4-7DC9-4B1F-9F8D-35CBC957C44B}.Release|x86.Build.0 = Release|Win32
		{9136A649-8B98-4209-831E-97D6CA3C88F5}.Debug|x64.ActiveCfg = Debug|x64
		{9136A649-8B98-4209-831E-97D6CA3C88F5}.Debug|x64.Build.0 = Debug|x64
		{9136A649-8B98-4209-831E-97D6CA3C88F5}.Debug|x86.ActiveCfg = Debug|Win32
		{9136A649-8B98-4209-831E-97D6CA3C88F5}.Debug|x86.Build.0 = Debug|Win32
		{9136A649-8B98-4209-831E-97D6CA3C88F5}.Release|x64.ActiveCfg = Release|x64
		{9136A649-8B98-4209-831E-97D6CA3C88F5}.Release|x64.Build.0 = Release|x64
		{9136A649-8B98-4209-831E-97D6CA3C88F5}.Release|x86.ActiveCfg = Release|Win32
		{9136A649-8B98-4209-831E-97D6CA3C88F5}.Release|x86.Build.0 = Release|Win32
	EndGlobalSection
	GlobalSection(SolutionProperties) = preSolution
		HideSolutionNode = FALSE
	EndGlobalSection
EndGlobal
