
Microsoft Visual Studio Solution File, Format Version 9.00
# Visual Studio 2005
Project("{8BC9CEB8-8B4A-11D0-8D11-00A0C91BC942}") = "01. if", "1007\1007.vcproj", "{EA27A95B-A21D-4099-85F8-0F9359E4572D}"
EndProject
Project("{8BC9CEB8-8B4A-11D0-8D11-00A0C91BC942}") = "02. 제어문 예제", "02. 제어문 예제\02. 제어문 예제.vcproj", "{3D0EAEAB-ABD3-4B98-9DCB-EA9F71336FBD}"
EndProject
Project("{8BC9CEB8-8B4A-11D0-8D11-00A0C91BC942}") = "03. 제어문 정수 합,곱", "03. 제어문 정수 합,곱\03. 제어문 정수 합,곱.vcproj", "{F014678A-134B-4725-9F62-124F27A721DB}"
EndProject
Project("{8BC9CEB8-8B4A-11D0-8D11-00A0C91BC942}") = "04. 오목(안깜빡)", "04. 오목\04. 오목.vcproj", "{0ACFA1B9-D89E-41C1-AF69-4652C4F8ECE4}"
EndProject
Project("{8BC9CEB8-8B4A-11D0-8D11-00A0C91BC942}") = "05. 연습", "05. 연습\05. 연습.vcproj", "{EB983F38-E2E5-4043-8A2D-0CD5F7CC73BA}"
EndProject
Project("{8BC9CEB8-8B4A-11D0-8D11-00A0C91BC942}") = "06. 깜빡", "06. 연습2\06. 연습2.vcproj", "{BA4153D4-DBF7-40CC-B1D9-995BCB4E6205}"
EndProject
Project("{8BC9CEB8-8B4A-11D0-8D11-00A0C91BC942}") = "07. 안깜빡 연습", "07. 안깜빡 연습\07. 안깜빡 연습.vcproj", "{F9621DF5-8139-496A-A3A1-0BB52ABAB430}"
EndProject
Global
	GlobalSection(SolutionConfigurationPlatforms) = preSolution
		Debug|Win32 = Debug|Win32
		Release|Win32 = Release|Win32
	EndGlobalSection
	GlobalSection(ProjectConfigurationPlatforms) = postSolution
		{EA27A95B-A21D-4099-85F8-0F9359E4572D}.Debug|Win32.ActiveCfg = Debug|Win32
		{EA27A95B-A21D-4099-85F8-0F9359E4572D}.Debug|Win32.Build.0 = Debug|Win32
		{EA27A95B-A21D-4099-85F8-0F9359E4572D}.Release|Win32.ActiveCfg = Release|Win32
		{EA27A95B-A21D-4099-85F8-0F9359E4572D}.Release|Win32.Build.0 = Release|Win32
		{3D0EAEAB-ABD3-4B98-9DCB-EA9F71336FBD}.Debug|Win32.ActiveCfg = Debug|Win32
		{3D0EAEAB-ABD3-4B98-9DCB-EA9F71336FBD}.Debug|Win32.Build.0 = Debug|Win32
		{3D0EAEAB-ABD3-4B98-9DCB-EA9F71336FBD}.Release|Win32.ActiveCfg = Release|Win32
		{3D0EAEAB-ABD3-4B98-9DCB-EA9F71336FBD}.Release|Win32.Build.0 = Release|Win32
		{F014678A-134B-4725-9F62-124F27A721DB}.Debug|Win32.ActiveCfg = Debug|Win32
		{F014678A-134B-4725-9F62-124F27A721DB}.Debug|Win32.Build.0 = Debug|Win32
		{F014678A-134B-4725-9F62-124F27A721DB}.Release|Win32.ActiveCfg = Release|Win32
		{F014678A-134B-4725-9F62-124F27A721DB}.Release|Win32.Build.0 = Release|Win32
		{0ACFA1B9-D89E-41C1-AF69-4652C4F8ECE4}.Debug|Win32.ActiveCfg = Debug|Win32
		{0ACFA1B9-D89E-41C1-AF69-4652C4F8ECE4}.Debug|Win32.Build.0 = Debug|Win32
		{0ACFA1B9-D89E-41C1-AF69-4652C4F8ECE4}.Release|Win32.ActiveCfg = Release|Win32
		{0ACFA1B9-D89E-41C1-AF69-4652C4F8ECE4}.Release|Win32.Build.0 = Release|Win32
		{EB983F38-E2E5-4043-8A2D-0CD5F7CC73BA}.Debug|Win32.ActiveCfg = Debug|Win32
		{EB983F38-E2E5-4043-8A2D-0CD5F7CC73BA}.Debug|Win32.Build.0 = Debug|Win32
		{EB983F38-E2E5-4043-8A2D-0CD5F7CC73BA}.Release|Win32.ActiveCfg = Release|Win32
		{EB983F38-E2E5-4043-8A2D-0CD5F7CC73BA}.Release|Win32.Build.0 = Release|Win32
		{BA4153D4-DBF7-40CC-B1D9-995BCB4E6205}.Debug|Win32.ActiveCfg = Debug|Win32
		{BA4153D4-DBF7-40CC-B1D9-995BCB4E6205}.Debug|Win32.Build.0 = Debug|Win32
		{BA4153D4-DBF7-40CC-B1D9-995BCB4E6205}.Release|Win32.ActiveCfg = Release|Win32
		{BA4153D4-DBF7-40CC-B1D9-995BCB4E6205}.Release|Win32.Build.0 = Release|Win32
		{F9621DF5-8139-496A-A3A1-0BB52ABAB430}.Debug|Win32.ActiveCfg = Debug|Win32
		{F9621DF5-8139-496A-A3A1-0BB52ABAB430}.Debug|Win32.Build.0 = Debug|Win32
		{F9621DF5-8139-496A-A3A1-0BB52ABAB430}.Release|Win32.ActiveCfg = Release|Win32
		{F9621DF5-8139-496A-A3A1-0BB52ABAB430}.Release|Win32.Build.0 = Release|Win32
	EndGlobalSection
	GlobalSection(SolutionProperties) = preSolution
		HideSolutionNode = FALSE
	EndGlobalSection
EndGlobal
