
Microsoft Visual Studio Solution File, Format Version 9.00
# Visual Studio 2005
Project("{8BC9CEB8-8B4A-11D0-8D11-00A0C91BC942}") = "01. 상속", "상속\상속.vcproj", "{D771BEAE-0EBC-4913-BCE9-2395C8233CC1}"
EndProject
Project("{8BC9CEB8-8B4A-11D0-8D11-00A0C91BC942}") = "02. 업캐스팅 예제 ★", "02 상속 예제\02 상속 예제.vcproj", "{5897BE4F-4C51-4FED-B180-AE2A33A1514F}"
EndProject
Project("{8BC9CEB8-8B4A-11D0-8D11-00A0C91BC942}") = "03. 피카츄", "03. 피카츄\03. 피카츄.vcproj", "{D0163859-79C3-4A44-A6BC-C12B44AE51BA}"
EndProject
Global
	GlobalSection(SolutionConfigurationPlatforms) = preSolution
		Debug|Win32 = Debug|Win32
		Release|Win32 = Release|Win32
	EndGlobalSection
	GlobalSection(ProjectConfigurationPlatforms) = postSolution
		{D771BEAE-0EBC-4913-BCE9-2395C8233CC1}.Debug|Win32.ActiveCfg = Debug|Win32
		{D771BEAE-0EBC-4913-BCE9-2395C8233CC1}.Debug|Win32.Build.0 = Debug|Win32
		{D771BEAE-0EBC-4913-BCE9-2395C8233CC1}.Release|Win32.ActiveCfg = Release|Win32
		{D771BEAE-0EBC-4913-BCE9-2395C8233CC1}.Release|Win32.Build.0 = Release|Win32
		{5897BE4F-4C51-4FED-B180-AE2A33A1514F}.Debug|Win32.ActiveCfg = Debug|Win32
		{5897BE4F-4C51-4FED-B180-AE2A33A1514F}.Debug|Win32.Build.0 = Debug|Win32
		{5897BE4F-4C51-4FED-B180-AE2A33A1514F}.Release|Win32.ActiveCfg = Release|Win32
		{5897BE4F-4C51-4FED-B180-AE2A33A1514F}.Release|Win32.Build.0 = Release|Win32
		{D0163859-79C3-4A44-A6BC-C12B44AE51BA}.Debug|Win32.ActiveCfg = Debug|Win32
		{D0163859-79C3-4A44-A6BC-C12B44AE51BA}.Debug|Win32.Build.0 = Debug|Win32
		{D0163859-79C3-4A44-A6BC-C12B44AE51BA}.Release|Win32.ActiveCfg = Release|Win32
		{D0163859-79C3-4A44-A6BC-C12B44AE51BA}.Release|Win32.Build.0 = Release|Win32
	EndGlobalSection
	GlobalSection(SolutionProperties) = preSolution
		HideSolutionNode = FALSE
	EndGlobalSection
EndGlobal
