
Microsoft Visual Studio Solution File, Format Version 9.00
# Visual Studio 2005
Project("{8BC9CEB8-8B4A-11D0-8D11-00A0C91BC942}") = "header", "header\header.vcproj", "{1E9F95BD-A1D4-4ED7-B8E5-1DD2A4A59F6A}"
EndProject
Project("{8BC9CEB8-8B4A-11D0-8D11-00A0C91BC942}") = "define", "define\define.vcproj", "{C53EE227-611B-427B-9C3D-BE3330411318}"
EndProject
Project("{8BC9CEB8-8B4A-11D0-8D11-00A0C91BC942}") = "static", "static\static.vcproj", "{EEDEC385-D4ED-4EDB-8FEF-B8F9822824F7}"
EndProject
Project("{8BC9CEB8-8B4A-11D0-8D11-00A0C91BC942}") = "dynamic", "dynamic\dynamic.vcproj", "{4562CB4A-48A5-442C-A0D3-0FAC9F7DD1E3}"
EndProject
Project("{8BC9CEB8-8B4A-11D0-8D11-00A0C91BC942}") = "file", "file\file.vcproj", "{B35D26DC-9318-4FF5-9A29-B2673ECD3065}"
EndProject
Project("{8BC9CEB8-8B4A-11D0-8D11-00A0C91BC942}") = "fscanf", "fscanf\fscanf.vcproj", "{E20137DC-E662-4E2F-9676-AA6589A9C1A6}"
EndProject
Project("{8BC9CEB8-8B4A-11D0-8D11-00A0C91BC942}") = "fputs", "fputs\fputs.vcproj", "{51E53ECB-0DF7-465B-8ECB-FA9E1220DFB8}"
EndProject
Project("{8BC9CEB8-8B4A-11D0-8D11-00A0C91BC942}") = "fprintf", "fprintf\fprintf.vcproj", "{D449011D-265E-4D06-8EDB-3D73FEE9A679}"
EndProject
Project("{8BC9CEB8-8B4A-11D0-8D11-00A0C91BC942}") = "ex1", "ex1\ex1.vcproj", "{FD38C513-8C90-434D-A87C-25B6FA014C84}"
EndProject
Global
	GlobalSection(SolutionConfigurationPlatforms) = preSolution
		Debug|Win32 = Debug|Win32
		Release|Win32 = Release|Win32
	EndGlobalSection
	GlobalSection(ProjectConfigurationPlatforms) = postSolution
		{1E9F95BD-A1D4-4ED7-B8E5-1DD2A4A59F6A}.Debug|Win32.ActiveCfg = Debug|Win32
		{1E9F95BD-A1D4-4ED7-B8E5-1DD2A4A59F6A}.Debug|Win32.Build.0 = Debug|Win32
		{1E9F95BD-A1D4-4ED7-B8E5-1DD2A4A59F6A}.Release|Win32.ActiveCfg = Release|Win32
		{1E9F95BD-A1D4-4ED7-B8E5-1DD2A4A59F6A}.Release|Win32.Build.0 = Release|Win32
		{C53EE227-611B-427B-9C3D-BE3330411318}.Debug|Win32.ActiveCfg = Debug|Win32
		{C53EE227-611B-427B-9C3D-BE3330411318}.Debug|Win32.Build.0 = Debug|Win32
		{C53EE227-611B-427B-9C3D-BE3330411318}.Release|Win32.ActiveCfg = Release|Win32
		{C53EE227-611B-427B-9C3D-BE3330411318}.Release|Win32.Build.0 = Release|Win32
		{EEDEC385-D4ED-4EDB-8FEF-B8F9822824F7}.Debug|Win32.ActiveCfg = Debug|Win32
		{EEDEC385-D4ED-4EDB-8FEF-B8F9822824F7}.Debug|Win32.Build.0 = Debug|Win32
		{EEDEC385-D4ED-4EDB-8FEF-B8F9822824F7}.Release|Win32.ActiveCfg = Release|Win32
		{EEDEC385-D4ED-4EDB-8FEF-B8F9822824F7}.Release|Win32.Build.0 = Release|Win32
		{4562CB4A-48A5-442C-A0D3-0FAC9F7DD1E3}.Debug|Win32.ActiveCfg = Debug|Win32
		{4562CB4A-48A5-442C-A0D3-0FAC9F7DD1E3}.Debug|Win32.Build.0 = Debug|Win32
		{4562CB4A-48A5-442C-A0D3-0FAC9F7DD1E3}.Release|Win32.ActiveCfg = Release|Win32
		{4562CB4A-48A5-442C-A0D3-0FAC9F7DD1E3}.Release|Win32.Build.0 = Release|Win32
		{B35D26DC-9318-4FF5-9A29-B2673ECD3065}.Debug|Win32.ActiveCfg = Debug|Win32
		{B35D26DC-9318-4FF5-9A29-B2673ECD3065}.Debug|Win32.Build.0 = Debug|Win32
		{B35D26DC-9318-4FF5-9A29-B2673ECD3065}.Release|Win32.ActiveCfg = Release|Win32
		{B35D26DC-9318-4FF5-9A29-B2673ECD3065}.Release|Win32.Build.0 = Release|Win32
		{E20137DC-E662-4E2F-9676-AA6589A9C1A6}.Debug|Win32.ActiveCfg = Debug|Win32
		{E20137DC-E662-4E2F-9676-AA6589A9C1A6}.Debug|Win32.Build.0 = Debug|Win32
		{E20137DC-E662-4E2F-9676-AA6589A9C1A6}.Release|Win32.ActiveCfg = Release|Win32
		{E20137DC-E662-4E2F-9676-AA6589A9C1A6}.Release|Win32.Build.0 = Release|Win32
		{51E53ECB-0DF7-465B-8ECB-FA9E1220DFB8}.Debug|Win32.ActiveCfg = Debug|Win32
		{51E53ECB-0DF7-465B-8ECB-FA9E1220DFB8}.Debug|Win32.Build.0 = Debug|Win32
		{51E53ECB-0DF7-465B-8ECB-FA9E1220DFB8}.Release|Win32.ActiveCfg = Release|Win32
		{51E53ECB-0DF7-465B-8ECB-FA9E1220DFB8}.Release|Win32.Build.0 = Release|Win32
		{D449011D-265E-4D06-8EDB-3D73FEE9A679}.Debug|Win32.ActiveCfg = Debug|Win32
		{D449011D-265E-4D06-8EDB-3D73FEE9A679}.Debug|Win32.Build.0 = Debug|Win32
		{D449011D-265E-4D06-8EDB-3D73FEE9A679}.Release|Win32.ActiveCfg = Release|Win32
		{D449011D-265E-4D06-8EDB-3D73FEE9A679}.Release|Win32.Build.0 = Release|Win32
		{FD38C513-8C90-434D-A87C-25B6FA014C84}.Debug|Win32.ActiveCfg = Debug|Win32
		{FD38C513-8C90-434D-A87C-25B6FA014C84}.Debug|Win32.Build.0 = Debug|Win32
		{FD38C513-8C90-434D-A87C-25B6FA014C84}.Release|Win32.ActiveCfg = Release|Win32
		{FD38C513-8C90-434D-A87C-25B6FA014C84}.Release|Win32.Build.0 = Release|Win32
	EndGlobalSection
	GlobalSection(SolutionProperties) = preSolution
		HideSolutionNode = FALSE
	EndGlobalSection
EndGlobal
