
Microsoft Visual Studio Solution File, Format Version 9.00
# Visual Studio 2005
Project("{FAE04EC0-301F-11D3-BF4B-00C04F79EFBC}") = "csharp상속", "csharp상속\csharp상속.csproj", "{E75D6901-71F2-494A-8779-0BCF4277F8DE}"
EndProject
Project("{FAE04EC0-301F-11D3-BF4B-00C04F79EFBC}") = "피카추", "피카추\피카추.csproj", "{8A047BEB-5A32-4275-A6F6-0A04EF7FBC45}"
EndProject
Project("{FAE04EC0-301F-11D3-BF4B-00C04F79EFBC}") = "자동차 상속", "자동차 상속\자동차 상속.csproj", "{634B7E62-40F5-48F6-9A18-C621C12A8656}"
EndProject
Project("{FAE04EC0-301F-11D3-BF4B-00C04F79EFBC}") = "추상클래스", "추상클래스\추상클래스.csproj", "{EE2DD67E-0D91-4F64-A1FB-D50175C8CA69}"
EndProject
Project("{FAE04EC0-301F-11D3-BF4B-00C04F79EFBC}") = "인터페이스", "인터페이스\인터페이스.csproj", "{9B3DB9F2-8214-4E9E-8BAD-B840808479C7}"
EndProject
Project("{FAE04EC0-301F-11D3-BF4B-00C04F79EFBC}") = "db인터페이스", "db인터페이스\db인터페이스.csproj", "{10A82391-4476-43E5-AEC0-D5D470A27CE7}"
EndProject
Global
	GlobalSection(SolutionConfigurationPlatforms) = preSolution
		Debug|Any CPU = Debug|Any CPU
		Release|Any CPU = Release|Any CPU
	EndGlobalSection
	GlobalSection(ProjectConfigurationPlatforms) = postSolution
		{E75D6901-71F2-494A-8779-0BCF4277F8DE}.Debug|Any CPU.ActiveCfg = Debug|Any CPU
		{E75D6901-71F2-494A-8779-0BCF4277F8DE}.Debug|Any CPU.Build.0 = Debug|Any CPU
		{E75D6901-71F2-494A-8779-0BCF4277F8DE}.Release|Any CPU.ActiveCfg = Release|Any CPU
		{E75D6901-71F2-494A-8779-0BCF4277F8DE}.Release|Any CPU.Build.0 = Release|Any CPU
		{8A047BEB-5A32-4275-A6F6-0A04EF7FBC45}.Debug|Any CPU.ActiveCfg = Debug|Any CPU
		{8A047BEB-5A32-4275-A6F6-0A04EF7FBC45}.Debug|Any CPU.Build.0 = Debug|Any CPU
		{8A047BEB-5A32-4275-A6F6-0A04EF7FBC45}.Release|Any CPU.ActiveCfg = Release|Any CPU
		{8A047BEB-5A32-4275-A6F6-0A04EF7FBC45}.Release|Any CPU.Build.0 = Release|Any CPU
		{634B7E62-40F5-48F6-9A18-C621C12A8656}.Debug|Any CPU.ActiveCfg = Debug|Any CPU
		{634B7E62-40F5-48F6-9A18-C621C12A8656}.Debug|Any CPU.Build.0 = Debug|Any CPU
		{634B7E62-40F5-48F6-9A18-C621C12A8656}.Release|Any CPU.ActiveCfg = Release|Any CPU
		{634B7E62-40F5-48F6-9A18-C621C12A8656}.Release|Any CPU.Build.0 = Release|Any CPU
		{EE2DD67E-0D91-4F64-A1FB-D50175C8CA69}.Debug|Any CPU.ActiveCfg = Debug|Any CPU
		{EE2DD67E-0D91-4F64-A1FB-D50175C8CA69}.Debug|Any CPU.Build.0 = Debug|Any CPU
		{EE2DD67E-0D91-4F64-A1FB-D50175C8CA69}.Release|Any CPU.ActiveCfg = Release|Any CPU
		{EE2DD67E-0D91-4F64-A1FB-D50175C8CA69}.Release|Any CPU.Build.0 = Release|Any CPU
		{9B3DB9F2-8214-4E9E-8BAD-B840808479C7}.Debug|Any CPU.ActiveCfg = Debug|Any CPU
		{9B3DB9F2-8214-4E9E-8BAD-B840808479C7}.Debug|Any CPU.Build.0 = Debug|Any CPU
		{9B3DB9F2-8214-4E9E-8BAD-B840808479C7}.Release|Any CPU.ActiveCfg = Release|Any CPU
		{9B3DB9F2-8214-4E9E-8BAD-B840808479C7}.Release|Any CPU.Build.0 = Release|Any CPU
		{10A82391-4476-43E5-AEC0-D5D470A27CE7}.Debug|Any CPU.ActiveCfg = Debug|Any CPU
		{10A82391-4476-43E5-AEC0-D5D470A27CE7}.Debug|Any CPU.Build.0 = Debug|Any CPU
		{10A82391-4476-43E5-AEC0-D5D470A27CE7}.Release|Any CPU.ActiveCfg = Release|Any CPU
		{10A82391-4476-43E5-AEC0-D5D470A27CE7}.Release|Any CPU.Build.0 = Release|Any CPU
	EndGlobalSection
	GlobalSection(SolutionProperties) = preSolution
		HideSolutionNode = FALSE
	EndGlobalSection
EndGlobal
