
Microsoft Visual Studio Solution File, Format Version 12.00
# Visual Studio 14
VisualStudioVersion = 14.0.25420.1
MinimumVisualStudioVersion = 10.0.40219.1
Project("{8BC9CEB8-8B4A-11D0-8D11-00A0C91BC942}") = "01. 탭열기", "1031\1031.vcxproj", "{67177229-C63A-4122-B72D-8AC53BFEDAC2}"
EndProject
Project("{8BC9CEB8-8B4A-11D0-8D11-00A0C91BC942}") = "02. 타이mer", "02\02.vcxproj", "{37D65F8C-63BE-4BA4-B5C5-677DF40E9CB0}"
EndProject
Project("{8BC9CEB8-8B4A-11D0-8D11-00A0C91BC942}") = "03. 점긋기,선긋기", "03\03.vcxproj", "{836DD2B8-26AF-416C-AB36-80B8AB77EF73}"
EndProject
Project("{8BC9CEB8-8B4A-11D0-8D11-00A0C91BC942}") = "04. 원 사각형", "04.원 사각형\04.원 사각형.vcxproj", "{A0CF5FEB-86A1-437B-8336-0D0749A1CEEB}"
EndProject
Project("{8BC9CEB8-8B4A-11D0-8D11-00A0C91BC942}") = "05. CFILE", "05\05.vcxproj", "{428D346C-D195-408D-A2F8-3AA66F91FD99}"
EndProject
Project("{8BC9CEB8-8B4A-11D0-8D11-00A0C91BC942}") = "06. CArchive", "06\06.vcxproj", "{F93C1433-8F16-477B-8D8D-59E77109FBC3}"
EndProject
Project("{8BC9CEB8-8B4A-11D0-8D11-00A0C91BC942}") = "07. 폰트설정ㅎ", "07\07.vcxproj", "{873CEAD5-C06F-486A-ACEA-2D2C94EED236}"
EndProject
Project("{8BC9CEB8-8B4A-11D0-8D11-00A0C91BC942}") = "08. 키보드", "키보드\키보드.vcxproj", "{C13294A0-5508-4B19-ADB5-45023DBC7373}"
EndProject
Project("{8BC9CEB8-8B4A-11D0-8D11-00A0C91BC942}") = "09", "09\09.vcxproj", "{D6FCD114-D3BB-49AE-B7EC-29F08E61B962}"
EndProject
Global
	GlobalSection(SolutionConfigurationPlatforms) = preSolution
		Debug|x64 = Debug|x64
		Debug|x86 = Debug|x86
		Release|x64 = Release|x64
		Release|x86 = Release|x86
	EndGlobalSection
	GlobalSection(ProjectConfigurationPlatforms) = postSolution
		{67177229-C63A-4122-B72D-8AC53BFEDAC2}.Debug|x64.ActiveCfg = Debug|x64
		{67177229-C63A-4122-B72D-8AC53BFEDAC2}.Debug|x64.Build.0 = Debug|x64
		{67177229-C63A-4122-B72D-8AC53BFEDAC2}.Debug|x86.ActiveCfg = Debug|Win32
		{67177229-C63A-4122-B72D-8AC53BFEDAC2}.Debug|x86.Build.0 = Debug|Win32
		{67177229-C63A-4122-B72D-8AC53BFEDAC2}.Release|x64.ActiveCfg = Release|x64
		{67177229-C63A-4122-B72D-8AC53BFEDAC2}.Release|x64.Build.0 = Release|x64
		{67177229-C63A-4122-B72D-8AC53BFEDAC2}.Release|x86.ActiveCfg = Release|Win32
		{67177229-C63A-4122-B72D-8AC53BFEDAC2}.Release|x86.Build.0 = Release|Win32
		{37D65F8C-63BE-4BA4-B5C5-677DF40E9CB0}.Debug|x64.ActiveCfg = Debug|x64
		{37D65F8C-63BE-4BA4-B5C5-677DF40E9CB0}.Debug|x64.Build.0 = Debug|x64
		{37D65F8C-63BE-4BA4-B5C5-677DF40E9CB0}.Debug|x86.ActiveCfg = Debug|Win32
		{37D65F8C-63BE-4BA4-B5C5-677DF40E9CB0}.Debug|x86.Build.0 = Debug|Win32
		{37D65F8C-63BE-4BA4-B5C5-677DF40E9CB0}.Release|x64.ActiveCfg = Release|x64
		{37D65F8C-63BE-4BA4-B5C5-677DF40E9CB0}.Release|x64.Build.0 = Release|x64
		{37D65F8C-63BE-4BA4-B5C5-677DF40E9CB0}.Release|x86.ActiveCfg = Release|Win32
		{37D65F8C-63BE-4BA4-B5C5-677DF40E9CB0}.Release|x86.Build.0 = Release|Win32
		{836DD2B8-26AF-416C-AB36-80B8AB77EF73}.Debug|x64.ActiveCfg = Debug|x64
		{836DD2B8-26AF-416C-AB36-80B8AB77EF73}.Debug|x64.Build.0 = Debug|x64
		{836DD2B8-26AF-416C-AB36-80B8AB77EF73}.Debug|x86.ActiveCfg = Debug|Win32
		{836DD2B8-26AF-416C-AB36-80B8AB77EF73}.Debug|x86.Build.0 = Debug|Win32
		{836DD2B8-26AF-416C-AB36-80B8AB77EF73}.Release|x64.ActiveCfg = Release|x64
		{836DD2B8-26AF-416C-AB36-80B8AB77EF73}.Release|x64.Build.0 = Release|x64
		{836DD2B8-26AF-416C-AB36-80B8AB77EF73}.Release|x86.ActiveCfg = Release|Win32
		{836DD2B8-26AF-416C-AB36-80B8AB77EF73}.Release|x86.Build.0 = Release|Win32
		{A0CF5FEB-86A1-437B-8336-0D0749A1CEEB}.Debug|x64.ActiveCfg = Debug|x64
		{A0CF5FEB-86A1-437B-8336-0D0749A1CEEB}.Debug|x64.Build.0 = Debug|x64
		{A0CF5FEB-86A1-437B-8336-0D0749A1CEEB}.Debug|x86.ActiveCfg = Debug|Win32
		{A0CF5FEB-86A1-437B-8336-0D0749A1CEEB}.Debug|x86.Build.0 = Debug|Win32
		{A0CF5FEB-86A1-437B-8336-0D0749A1CEEB}.Release|x64.ActiveCfg = Release|x64
		{A0CF5FEB-86A1-437B-8336-0D0749A1CEEB}.Release|x64.Build.0 = Release|x64
		{A0CF5FEB-86A1-437B-8336-0D0749A1CEEB}.Release|x86.ActiveCfg = Release|Win32
		{A0CF5FEB-86A1-437B-8336-0D0749A1CEEB}.Release|x86.Build.0 = Release|Win32
		{428D346C-D195-408D-A2F8-3AA66F91FD99}.Debug|x64.ActiveCfg = Debug|x64
		{428D346C-D195-408D-A2F8-3AA66F91FD99}.Debug|x64.Build.0 = Debug|x64
		{428D346C-D195-408D-A2F8-3AA66F91FD99}.Debug|x86.ActiveCfg = Debug|Win32
		{428D346C-D195-408D-A2F8-3AA66F91FD99}.Debug|x86.Build.0 = Debug|Win32
		{428D346C-D195-408D-A2F8-3AA66F91FD99}.Release|x64.ActiveCfg = Release|x64
		{428D346C-D195-408D-A2F8-3AA66F91FD99}.Release|x64.Build.0 = Release|x64
		{428D346C-D195-408D-A2F8-3AA66F91FD99}.Release|x86.ActiveCfg = Release|Win32
		{428D346C-D195-408D-A2F8-3AA66F91FD99}.Release|x86.Build.0 = Release|Win32
		{F93C1433-8F16-477B-8D8D-59E77109FBC3}.Debug|x64.ActiveCfg = Debug|x64
		{F93C1433-8F16-477B-8D8D-59E77109FBC3}.Debug|x64.Build.0 = Debug|x64
		{F93C1433-8F16-477B-8D8D-59E77109FBC3}.Debug|x86.ActiveCfg = Debug|Win32
		{F93C1433-8F16-477B-8D8D-59E77109FBC3}.Debug|x86.Build.0 = Debug|Win32
		{F93C1433-8F16-477B-8D8D-59E77109FBC3}.Release|x64.ActiveCfg = Release|x64
		{F93C1433-8F16-477B-8D8D-59E77109FBC3}.Release|x64.Build.0 = Release|x64
		{F93C1433-8F16-477B-8D8D-59E77109FBC3}.Release|x86.ActiveCfg = Release|Win32
		{F93C1433-8F16-477B-8D8D-59E77109FBC3}.Release|x86.Build.0 = Release|Win32
		{873CEAD5-C06F-486A-ACEA-2D2C94EED236}.Debug|x64.ActiveCfg = Debug|x64
		{873CEAD5-C06F-486A-ACEA-2D2C94EED236}.Debug|x64.Build.0 = Debug|x64
		{873CEAD5-C06F-486A-ACEA-2D2C94EED236}.Debug|x86.ActiveCfg = Debug|Win32
		{873CEAD5-C06F-486A-ACEA-2D2C94EED236}.Debug|x86.Build.0 = Debug|Win32
		{873CEAD5-C06F-486A-ACEA-2D2C94EED236}.Release|x64.ActiveCfg = Release|x64
		{873CEAD5-C06F-486A-ACEA-2D2C94EED236}.Release|x64.Build.0 = Release|x64
		{873CEAD5-C06F-486A-ACEA-2D2C94EED236}.Release|x86.ActiveCfg = Release|Win32
		{873CEAD5-C06F-486A-ACEA-2D2C94EED236}.Release|x86.Build.0 = Release|Win32
		{C13294A0-5508-4B19-ADB5-45023DBC7373}.Debug|x64.ActiveCfg = Debug|x64
		{C13294A0-5508-4B19-ADB5-45023DBC7373}.Debug|x64.Build.0 = Debug|x64
		{C13294A0-5508-4B19-ADB5-45023DBC7373}.Debug|x86.ActiveCfg = Debug|Win32
		{C13294A0-5508-4B19-ADB5-45023DBC7373}.Debug|x86.Build.0 = Debug|Win32
		{C13294A0-5508-4B19-ADB5-45023DBC7373}.Release|x64.ActiveCfg = Release|x64
		{C13294A0-5508-4B19-ADB5-45023DBC7373}.Release|x64.Build.0 = Release|x64
		{C13294A0-5508-4B19-ADB5-45023DBC7373}.Release|x86.ActiveCfg = Release|Win32
		{C13294A0-5508-4B19-ADB5-45023DBC7373}.Release|x86.Build.0 = Release|Win32
		{D6FCD114-D3BB-49AE-B7EC-29F08E61B962}.Debug|x64.ActiveCfg = Debug|x64
		{D6FCD114-D3BB-49AE-B7EC-29F08E61B962}.Debug|x64.Build.0 = Debug|x64
		{D6FCD114-D3BB-49AE-B7EC-29F08E61B962}.Debug|x86.ActiveCfg = Debug|Win32
		{D6FCD114-D3BB-49AE-B7EC-29F08E61B962}.Debug|x86.Build.0 = Debug|Win32
		{D6FCD114-D3BB-49AE-B7EC-29F08E61B962}.Release|x64.ActiveCfg = Release|x64
		{D6FCD114-D3BB-49AE-B7EC-29F08E61B962}.Release|x64.Build.0 = Release|x64
		{D6FCD114-D3BB-49AE-B7EC-29F08E61B962}.Release|x86.ActiveCfg = Release|Win32
		{D6FCD114-D3BB-49AE-B7EC-29F08E61B962}.Release|x86.Build.0 = Release|Win32
	EndGlobalSection
	GlobalSection(SolutionProperties) = preSolution
		HideSolutionNode = FALSE
	EndGlobalSection
EndGlobal
