
Microsoft Visual Studio Solution File, Format Version 9.00
# Visual Studio 2005
Project("{8BC9CEB8-8B4A-11D0-8D11-00A0C91BC942}") = "01. inline", "1011\1011.vcproj", "{4D0349D4-BB52-45C4-9DE7-E0844E6E356A}"
EndProject
Project("{8BC9CEB8-8B4A-11D0-8D11-00A0C91BC942}") = "02. class", "02.class\02.class.vcproj", "{DCB4EC90-CB5B-487A-9AF7-DE3EF6956039}"
EndProject
Project("{8BC9CEB8-8B4A-11D0-8D11-00A0C91BC942}") = "03. public private", "03. public private\03. public private.vcproj", "{F544C6DC-3BB2-4BD2-996F-A174F83CBA1E}"
EndProject
Project("{8BC9CEB8-8B4A-11D0-8D11-00A0C91BC942}") = "04. 생성자 소멸자", "04. 생성자 소멸자\04. 생성자 소멸자.vcproj", "{2F17A349-ED0A-44D5-AF4A-6E4E75D80A2F}"
EndProject
Project("{8BC9CEB8-8B4A-11D0-8D11-00A0C91BC942}") = "05. 예제(삼각형 넓이)", "05. 예제(삼각형 넓이)\05. 예제(삼각형 넓이).vcproj", "{062A4FB3-B6CD-4C19-8173-E87ED1CC38D8}"
EndProject
Project("{8BC9CEB8-8B4A-11D0-8D11-00A0C91BC942}") = "06. this포인터", "06. 예제\06. 예제.vcproj", "{8F3680A5-3357-4EBE-B6BE-89761EA3B8E8}"
EndProject
Project("{8BC9CEB8-8B4A-11D0-8D11-00A0C91BC942}") = "07. 이니셜라이즈", "07. 이니셜라이즈\07. 이니셜라이즈.vcproj", "{DA21ACA6-3A88-4D72-BF69-81F2126402E3}"
EndProject
Project("{8BC9CEB8-8B4A-11D0-8D11-00A0C91BC942}") = "08. 매개변수가 객체", "08. 매개변수가 객체\08. 매개변수가 객체.vcproj", "{ACDBBCD7-12EE-49AE-99FC-AFB5CC61CA74}"
EndProject
Project("{8BC9CEB8-8B4A-11D0-8D11-00A0C91BC942}") = "09. 참조객체", "09. 참조객체\09. 참조객체.vcproj", "{4D7AB1F5-577B-4264-85A7-C4AD6D51DE3F}"
EndProject
Project("{8BC9CEB8-8B4A-11D0-8D11-00A0C91BC942}") = "10. 참조연산자", "참조연산자\참조연산자.vcproj", "{682AAED8-65A3-4D92-A868-18F53731B5CC}"
EndProject
Project("{8BC9CEB8-8B4A-11D0-8D11-00A0C91BC942}") = "11.참조연산자 연습", "11.참조연산자 연습\11.참조연산자 연습.vcproj", "{A944F435-8D68-4D3D-A3AD-96F17298A051}"
EndProject
Project("{8BC9CEB8-8B4A-11D0-8D11-00A0C91BC942}") = "12. sleep", "sleep\sleep.vcproj", "{FDC8F6E1-3538-4DBF-9D1B-C92B4C8D9319}"
EndProject
Project("{8BC9CEB8-8B4A-11D0-8D11-00A0C91BC942}") = "13. time", "13. time.h\13. time.h.vcproj", "{F0D97F7A-98F0-488B-A541-34F8C589A5A8}"
EndProject
Project("{8BC9CEB8-8B4A-11D0-8D11-00A0C91BC942}") = "14. tm", "14. tm\14. tm.vcproj", "{210ADA46-551C-41B4-9FD9-2EA850088957}"
EndProject
Project("{8BC9CEB8-8B4A-11D0-8D11-00A0C91BC942}") = "15. 클래스의 치환", "15. 클래스의 치환\15. 클래스의 치환.vcproj", "{B79B4F98-56FA-4AF9-96FA-419FD322FD69}"
EndProject
Project("{8BC9CEB8-8B4A-11D0-8D11-00A0C91BC942}") = "16. 클래스 치환 연습", "16. 클래스 치환 연습\16. 클래스 치환 연습.vcproj", "{3D1D7811-3D4D-4200-951D-9B12983E5B24}"
EndProject
Global
	GlobalSection(SolutionConfigurationPlatforms) = preSolution
		Debug|Win32 = Debug|Win32
		Release|Win32 = Release|Win32
	EndGlobalSection
	GlobalSection(ProjectConfigurationPlatforms) = postSolution
		{4D0349D4-BB52-45C4-9DE7-E0844E6E356A}.Debug|Win32.ActiveCfg = Debug|Win32
		{4D0349D4-BB52-45C4-9DE7-E0844E6E356A}.Debug|Win32.Build.0 = Debug|Win32
		{4D0349D4-BB52-45C4-9DE7-E0844E6E356A}.Release|Win32.ActiveCfg = Release|Win32
		{4D0349D4-BB52-45C4-9DE7-E0844E6E356A}.Release|Win32.Build.0 = Release|Win32
		{DCB4EC90-CB5B-487A-9AF7-DE3EF6956039}.Debug|Win32.ActiveCfg = Debug|Win32
		{DCB4EC90-CB5B-487A-9AF7-DE3EF6956039}.Debug|Win32.Build.0 = Debug|Win32
		{DCB4EC90-CB5B-487A-9AF7-DE3EF6956039}.Release|Win32.ActiveCfg = Release|Win32
		{DCB4EC90-CB5B-487A-9AF7-DE3EF6956039}.Release|Win32.Build.0 = Release|Win32
		{F544C6DC-3BB2-4BD2-996F-A174F83CBA1E}.Debug|Win32.ActiveCfg = Debug|Win32
		{F544C6DC-3BB2-4BD2-996F-A174F83CBA1E}.Debug|Win32.Build.0 = Debug|Win32
		{F544C6DC-3BB2-4BD2-996F-A174F83CBA1E}.Release|Win32.ActiveCfg = Release|Win32
		{F544C6DC-3BB2-4BD2-996F-A174F83CBA1E}.Release|Win32.Build.0 = Release|Win32
		{2F17A349-ED0A-44D5-AF4A-6E4E75D80A2F}.Debug|Win32.ActiveCfg = Debug|Win32
		{2F17A349-ED0A-44D5-AF4A-6E4E75D80A2F}.Debug|Win32.Build.0 = Debug|Win32
		{2F17A349-ED0A-44D5-AF4A-6E4E75D80A2F}.Release|Win32.ActiveCfg = Release|Win32
		{2F17A349-ED0A-44D5-AF4A-6E4E75D80A2F}.Release|Win32.Build.0 = Release|Win32
		{062A4FB3-B6CD-4C19-8173-E87ED1CC38D8}.Debug|Win32.ActiveCfg = Debug|Win32
		{062A4FB3-B6CD-4C19-8173-E87ED1CC38D8}.Debug|Win32.Build.0 = Debug|Win32
		{062A4FB3-B6CD-4C19-8173-E87ED1CC38D8}.Release|Win32.ActiveCfg = Release|Win32
		{062A4FB3-B6CD-4C19-8173-E87ED1CC38D8}.Release|Win32.Build.0 = Release|Win32
		{8F3680A5-3357-4EBE-B6BE-89761EA3B8E8}.Debug|Win32.ActiveCfg = Debug|Win32
		{8F3680A5-3357-4EBE-B6BE-89761EA3B8E8}.Debug|Win32.Build.0 = Debug|Win32
		{8F3680A5-3357-4EBE-B6BE-89761EA3B8E8}.Release|Win32.ActiveCfg = Release|Win32
		{8F3680A5-3357-4EBE-B6BE-89761EA3B8E8}.Release|Win32.Build.0 = Release|Win32
		{DA21ACA6-3A88-4D72-BF69-81F2126402E3}.Debug|Win32.ActiveCfg = Debug|Win32
		{DA21ACA6-3A88-4D72-BF69-81F2126402E3}.Debug|Win32.Build.0 = Debug|Win32
		{DA21ACA6-3A88-4D72-BF69-81F2126402E3}.Release|Win32.ActiveCfg = Release|Win32
		{DA21ACA6-3A88-4D72-BF69-81F2126402E3}.Release|Win32.Build.0 = Release|Win32
		{ACDBBCD7-12EE-49AE-99FC-AFB5CC61CA74}.Debug|Win32.ActiveCfg = Debug|Win32
		{ACDBBCD7-12EE-49AE-99FC-AFB5CC61CA74}.Debug|Win32.Build.0 = Debug|Win32
		{ACDBBCD7-12EE-49AE-99FC-AFB5CC61CA74}.Release|Win32.ActiveCfg = Release|Win32
		{ACDBBCD7-12EE-49AE-99FC-AFB5CC61CA74}.Release|Win32.Build.0 = Release|Win32
		{4D7AB1F5-577B-4264-85A7-C4AD6D51DE3F}.Debug|Win32.ActiveCfg = Debug|Win32
		{4D7AB1F5-577B-4264-85A7-C4AD6D51DE3F}.Debug|Win32.Build.0 = Debug|Win32
		{4D7AB1F5-577B-4264-85A7-C4AD6D51DE3F}.Release|Win32.ActiveCfg = Release|Win32
		{4D7AB1F5-577B-4264-85A7-C4AD6D51DE3F}.Release|Win32.Build.0 = Release|Win32
		{682AAED8-65A3-4D92-A868-18F53731B5CC}.Debug|Win32.ActiveCfg = Debug|Win32
		{682AAED8-65A3-4D92-A868-18F53731B5CC}.Debug|Win32.Build.0 = Debug|Win32
		{682AAED8-65A3-4D92-A868-18F53731B5CC}.Release|Win32.ActiveCfg = Release|Win32
		{682AAED8-65A3-4D92-A868-18F53731B5CC}.Release|Win32.Build.0 = Release|Win32
		{A944F435-8D68-4D3D-A3AD-96F17298A051}.Debug|Win32.ActiveCfg = Debug|Win32
		{A944F435-8D68-4D3D-A3AD-96F17298A051}.Debug|Win32.Build.0 = Debug|Win32
		{A944F435-8D68-4D3D-A3AD-96F17298A051}.Release|Win32.ActiveCfg = Release|Win32
		{A944F435-8D68-4D3D-A3AD-96F17298A051}.Release|Win32.Build.0 = Release|Win32
		{FDC8F6E1-3538-4DBF-9D1B-C92B4C8D9319}.Debug|Win32.ActiveCfg = Debug|Win32
		{FDC8F6E1-3538-4DBF-9D1B-C92B4C8D9319}.Debug|Win32.Build.0 = Debug|Win32
		{FDC8F6E1-3538-4DBF-9D1B-C92B4C8D9319}.Release|Win32.ActiveCfg = Release|Win32
		{FDC8F6E1-3538-4DBF-9D1B-C92B4C8D9319}.Release|Win32.Build.0 = Release|Win32
		{F0D97F7A-98F0-488B-A541-34F8C589A5A8}.Debug|Win32.ActiveCfg = Debug|Win32
		{F0D97F7A-98F0-488B-A541-34F8C589A5A8}.Debug|Win32.Build.0 = Debug|Win32
		{F0D97F7A-98F0-488B-A541-34F8C589A5A8}.Release|Win32.ActiveCfg = Release|Win32
		{F0D97F7A-98F0-488B-A541-34F8C589A5A8}.Release|Win32.Build.0 = Release|Win32
		{210ADA46-551C-41B4-9FD9-2EA850088957}.Debug|Win32.ActiveCfg = Debug|Win32
		{210ADA46-551C-41B4-9FD9-2EA850088957}.Debug|Win32.Build.0 = Debug|Win32
		{210ADA46-551C-41B4-9FD9-2EA850088957}.Release|Win32.ActiveCfg = Release|Win32
		{210ADA46-551C-41B4-9FD9-2EA850088957}.Release|Win32.Build.0 = Release|Win32
		{B79B4F98-56FA-4AF9-96FA-419FD322FD69}.Debug|Win32.ActiveCfg = Debug|Win32
		{B79B4F98-56FA-4AF9-96FA-419FD322FD69}.Debug|Win32.Build.0 = Debug|Win32
		{B79B4F98-56FA-4AF9-96FA-419FD322FD69}.Release|Win32.ActiveCfg = Release|Win32
		{B79B4F98-56FA-4AF9-96FA-419FD322FD69}.Release|Win32.Build.0 = Release|Win32
		{3D1D7811-3D4D-4200-951D-9B12983E5B24}.Debug|Win32.ActiveCfg = Debug|Win32
		{3D1D7811-3D4D-4200-951D-9B12983E5B24}.Debug|Win32.Build.0 = Debug|Win32
		{3D1D7811-3D4D-4200-951D-9B12983E5B24}.Release|Win32.ActiveCfg = Release|Win32
		{3D1D7811-3D4D-4200-951D-9B12983E5B24}.Release|Win32.Build.0 = Release|Win32
	EndGlobalSection
	GlobalSection(SolutionProperties) = preSolution
		HideSolutionNode = FALSE
	EndGlobalSection
EndGlobal
