
Microsoft Visual Studio Solution File, Format Version 9.00
# Visual Studio 2005
Project("{8BC9CEB8-8B4A-11D0-8D11-00A0C91BC942}") = "01. 소코반", "test\test.vcproj", "{713C5226-D4D3-4446-8108-A3188DD45F27}"
EndProject
Project("{8BC9CEB8-8B4A-11D0-8D11-00A0C91BC942}") = "02. 서버", "test2\test2.vcproj", "{CCAA2B25-E886-4A53-9509-E25E2B68A9F3}"
EndProject
Global
	GlobalSection(SolutionConfigurationPlatforms) = preSolution
		Debug|Win32 = Debug|Win32
		Release|Win32 = Release|Win32
	EndGlobalSection
	GlobalSection(ProjectConfigurationPlatforms) = postSolution
		{713C5226-D4D3-4446-8108-A3188DD45F27}.Debug|Win32.ActiveCfg = Debug|Win32
		{713C5226-D4D3-4446-8108-A3188DD45F27}.Debug|Win32.Build.0 = Debug|Win32
		{713C5226-D4D3-4446-8108-A3188DD45F27}.Release|Win32.ActiveCfg = Release|Win32
		{713C5226-D4D3-4446-8108-A3188DD45F27}.Release|Win32.Build.0 = Release|Win32
		{CCAA2B25-E886-4A53-9509-E25E2B68A9F3}.Debug|Win32.ActiveCfg = Debug|Win32
		{CCAA2B25-E886-4A53-9509-E25E2B68A9F3}.Debug|Win32.Build.0 = Debug|Win32
		{CCAA2B25-E886-4A53-9509-E25E2B68A9F3}.Release|Win32.ActiveCfg = Release|Win32
		{CCAA2B25-E886-4A53-9509-E25E2B68A9F3}.Release|Win32.Build.0 = Release|Win32
	EndGlobalSection
	GlobalSection(SolutionProperties) = preSolution
		HideSolutionNode = FALSE
	EndGlobalSection
EndGlobal
