
Microsoft Visual Studio Solution File, Format Version 9.00
# Visual Studio 2005
Project("{8BC9CEB8-8B4A-11D0-8D11-00A0C91BC942}") = "01. 입출력 기초", "cpp\cpp.vcproj", "{F8C1ABB2-4220-434D-A003-388FF5D4C3D8}"
EndProject
Project("{8BC9CEB8-8B4A-11D0-8D11-00A0C91BC942}") = "02. 입출력 예제", "2. 입출력 예제\2. 입출력 예제.vcproj", "{9F73F5FE-23CC-4CF6-8670-D0B09F96337F}"
EndProject
Project("{8BC9CEB8-8B4A-11D0-8D11-00A0C91BC942}") = "03. 입출력 구구단", "3. 입출력 구구단\3. 입출력 구구단.vcproj", "{6DF28EEF-CA44-4305-928F-C366B00B7B1E}"
EndProject
Project("{8BC9CEB8-8B4A-11D0-8D11-00A0C91BC942}") = "04. 이름공간", "4. 이름공간\4. 이름공간.vcproj", "{95CE3BA8-4EE6-41FD-B05F-4885526DE05C}"
EndProject
Project("{8BC9CEB8-8B4A-11D0-8D11-00A0C91BC942}") = "05. 대소문자변환", "5. 대소문자변환\5. 대소문자변환.vcproj", "{83390C6A-F8F8-4682-9268-1F11D391AA5D}"
EndProject
Project("{8BC9CEB8-8B4A-11D0-8D11-00A0C91BC942}") = "06. 변수의 기본", "6. 변수의 기본\6. 변수의 기본.vcproj", "{609949D6-E937-4085-AFF3-C426976253F2}"
EndProject
Project("{8BC9CEB8-8B4A-11D0-8D11-00A0C91BC942}") = "07. 오버플로우", "오버플로우\오버플로우.vcproj", "{356622D5-1F58-4BA6-8521-3CB3BA3FFB6C}"
EndProject
Project("{8BC9CEB8-8B4A-11D0-8D11-00A0C91BC942}") = "08. if실습", "8. i f실습\8. i f실습.vcproj", "{2DF62EE7-C936-4D1E-933A-3C1BA94C8339}"
EndProject
Project("{8BC9CEB8-8B4A-11D0-8D11-00A0C91BC942}") = "09. define(p.82)", "9. define(p.82)\9. define(p.82).vcproj", "{0473B969-ADF5-40CF-A9C7-F0D301AA49D0}"
EndProject
Project("{8BC9CEB8-8B4A-11D0-8D11-00A0C91BC942}") = "10. 이스케이프시퀀스", "10. 이스케이프시퀀스\10. 이스케이프시퀀스.vcproj", "{E4BCE03E-A263-401E-A5D6-518C24F06F38}"
EndProject
Global
	GlobalSection(SolutionConfigurationPlatforms) = preSolution
		Debug|Win32 = Debug|Win32
		Release|Win32 = Release|Win32
	EndGlobalSection
	GlobalSection(ProjectConfigurationPlatforms) = postSolution
		{F8C1ABB2-4220-434D-A003-388FF5D4C3D8}.Debug|Win32.ActiveCfg = Debug|Win32
		{F8C1ABB2-4220-434D-A003-388FF5D4C3D8}.Debug|Win32.Build.0 = Debug|Win32
		{F8C1ABB2-4220-434D-A003-388FF5D4C3D8}.Release|Win32.ActiveCfg = Release|Win32
		{F8C1ABB2-4220-434D-A003-388FF5D4C3D8}.Release|Win32.Build.0 = Release|Win32
		{9F73F5FE-23CC-4CF6-8670-D0B09F96337F}.Debug|Win32.ActiveCfg = Debug|Win32
		{9F73F5FE-23CC-4CF6-8670-D0B09F96337F}.Debug|Win32.Build.0 = Debug|Win32
		{9F73F5FE-23CC-4CF6-8670-D0B09F96337F}.Release|Win32.ActiveCfg = Release|Win32
		{9F73F5FE-23CC-4CF6-8670-D0B09F96337F}.Release|Win32.Build.0 = Release|Win32
		{6DF28EEF-CA44-4305-928F-C366B00B7B1E}.Debug|Win32.ActiveCfg = Debug|Win32
		{6DF28EEF-CA44-4305-928F-C366B00B7B1E}.Debug|Win32.Build.0 = Debug|Win32
		{6DF28EEF-CA44-4305-928F-C366B00B7B1E}.Release|Win32.ActiveCfg = Release|Win32
		{6DF28EEF-CA44-4305-928F-C366B00B7B1E}.Release|Win32.Build.0 = Release|Win32
		{95CE3BA8-4EE6-41FD-B05F-4885526DE05C}.Debug|Win32.ActiveCfg = Debug|Win32
		{95CE3BA8-4EE6-41FD-B05F-4885526DE05C}.Debug|Win32.Build.0 = Debug|Win32
		{95CE3BA8-4EE6-41FD-B05F-4885526DE05C}.Release|Win32.ActiveCfg = Release|Win32
		{95CE3BA8-4EE6-41FD-B05F-4885526DE05C}.Release|Win32.Build.0 = Release|Win32
		{83390C6A-F8F8-4682-9268-1F11D391AA5D}.Debug|Win32.ActiveCfg = Debug|Win32
		{83390C6A-F8F8-4682-9268-1F11D391AA5D}.Debug|Win32.Build.0 = Debug|Win32
		{83390C6A-F8F8-4682-9268-1F11D391AA5D}.Release|Win32.ActiveCfg = Release|Win32
		{83390C6A-F8F8-4682-9268-1F11D391AA5D}.Release|Win32.Build.0 = Release|Win32
		{609949D6-E937-4085-AFF3-C426976253F2}.Debug|Win32.ActiveCfg = Debug|Win32
		{609949D6-E937-4085-AFF3-C426976253F2}.Debug|Win32.Build.0 = Debug|Win32
		{609949D6-E937-4085-AFF3-C426976253F2}.Release|Win32.ActiveCfg = Release|Win32
		{609949D6-E937-4085-AFF3-C426976253F2}.Release|Win32.Build.0 = Release|Win32
		{356622D5-1F58-4BA6-8521-3CB3BA3FFB6C}.Debug|Win32.ActiveCfg = Debug|Win32
		{356622D5-1F58-4BA6-8521-3CB3BA3FFB6C}.Debug|Win32.Build.0 = Debug|Win32
		{356622D5-1F58-4BA6-8521-3CB3BA3FFB6C}.Release|Win32.ActiveCfg = Release|Win32
		{356622D5-1F58-4BA6-8521-3CB3BA3FFB6C}.Release|Win32.Build.0 = Release|Win32
		{2DF62EE7-C936-4D1E-933A-3C1BA94C8339}.Debug|Win32.ActiveCfg = Debug|Win32
		{2DF62EE7-C936-4D1E-933A-3C1BA94C8339}.Debug|Win32.Build.0 = Debug|Win32
		{2DF62EE7-C936-4D1E-933A-3C1BA94C8339}.Release|Win32.ActiveCfg = Release|Win32
		{2DF62EE7-C936-4D1E-933A-3C1BA94C8339}.Release|Win32.Build.0 = Release|Win32
		{0473B969-ADF5-40CF-A9C7-F0D301AA49D0}.Debug|Win32.ActiveCfg = Debug|Win32
		{0473B969-ADF5-40CF-A9C7-F0D301AA49D0}.Debug|Win32.Build.0 = Debug|Win32
		{0473B969-ADF5-40CF-A9C7-F0D301AA49D0}.Release|Win32.ActiveCfg = Release|Win32
		{0473B969-ADF5-40CF-A9C7-F0D301AA49D0}.Release|Win32.Build.0 = Release|Win32
		{E4BCE03E-A263-401E-A5D6-518C24F06F38}.Debug|Win32.ActiveCfg = Debug|Win32
		{E4BCE03E-A263-401E-A5D6-518C24F06F38}.Debug|Win32.Build.0 = Debug|Win32
		{E4BCE03E-A263-401E-A5D6-518C24F06F38}.Release|Win32.ActiveCfg = Release|Win32
		{E4BCE03E-A263-401E-A5D6-518C24F06F38}.Release|Win32.Build.0 = Release|Win32
	EndGlobalSection
	GlobalSection(SolutionProperties) = preSolution
		HideSolutionNode = FALSE
	EndGlobalSection
EndGlobal
