
Microsoft Visual Studio Solution File, Format Version 9.00
# Visual Studio 2005
Project("{8BC9CEB8-8B4A-11D0-8D11-00A0C91BC942}") = "01. 상속", "1014\1014.vcproj", "{7A6E39B7-A15D-4FF9-8AD3-CDC2010EE93D}"
EndProject
Project("{8BC9CEB8-8B4A-11D0-8D11-00A0C91BC942}") = "02. 상속 형태", "02. 상속 형태\02. 상속 형태.vcproj", "{96132DCF-CEC2-4365-A332-5A043A3BC80A}"
EndProject
Project("{8BC9CEB8-8B4A-11D0-8D11-00A0C91BC942}") = "03. 상속 형태 예제", "03. 상속 형태 예제\03. 상속 형태 예제.vcproj", "{DF74B60D-16B5-4E33-8052-9BCFC6DD0AE2}"
EndProject
Project("{8BC9CEB8-8B4A-11D0-8D11-00A0C91BC942}") = "04.test", "04.test\04.test.vcproj", "{94BAAE2C-F829-4414-9A6A-CAEB11A81C77}"
EndProject
Global
	GlobalSection(SolutionConfigurationPlatforms) = preSolution
		Debug|Win32 = Debug|Win32
		Release|Win32 = Release|Win32
	EndGlobalSection
	GlobalSection(ProjectConfigurationPlatforms) = postSolution
		{7A6E39B7-A15D-4FF9-8AD3-CDC2010EE93D}.Debug|Win32.ActiveCfg = Debug|Win32
		{7A6E39B7-A15D-4FF9-8AD3-CDC2010EE93D}.Debug|Win32.Build.0 = Debug|Win32
		{7A6E39B7-A15D-4FF9-8AD3-CDC2010EE93D}.Release|Win32.ActiveCfg = Release|Win32
		{7A6E39B7-A15D-4FF9-8AD3-CDC2010EE93D}.Release|Win32.Build.0 = Release|Win32
		{96132DCF-CEC2-4365-A332-5A043A3BC80A}.Debug|Win32.ActiveCfg = Debug|Win32
		{96132DCF-CEC2-4365-A332-5A043A3BC80A}.Debug|Win32.Build.0 = Debug|Win32
		{96132DCF-CEC2-4365-A332-5A043A3BC80A}.Release|Win32.ActiveCfg = Release|Win32
		{96132DCF-CEC2-4365-A332-5A043A3BC80A}.Release|Win32.Build.0 = Release|Win32
		{DF74B60D-16B5-4E33-8052-9BCFC6DD0AE2}.Debug|Win32.ActiveCfg = Debug|Win32
		{DF74B60D-16B5-4E33-8052-9BCFC6DD0AE2}.Debug|Win32.Build.0 = Debug|Win32
		{DF74B60D-16B5-4E33-8052-9BCFC6DD0AE2}.Release|Win32.ActiveCfg = Release|Win32
		{DF74B60D-16B5-4E33-8052-9BCFC6DD0AE2}.Release|Win32.Build.0 = Release|Win32
		{94BAAE2C-F829-4414-9A6A-CAEB11A81C77}.Debug|Win32.ActiveCfg = Debug|Win32
		{94BAAE2C-F829-4414-9A6A-CAEB11A81C77}.Debug|Win32.Build.0 = Debug|Win32
		{94BAAE2C-F829-4414-9A6A-CAEB11A81C77}.Release|Win32.ActiveCfg = Release|Win32
		{94BAAE2C-F829-4414-9A6A-CAEB11A81C77}.Release|Win32.Build.0 = Release|Win32
	EndGlobalSection
	GlobalSection(SolutionProperties) = preSolution
		HideSolutionNode = FALSE
	EndGlobalSection
EndGlobal
