
Microsoft Visual Studio Solution File, Format Version 9.00
# Visual Studio 2005
Project("{FAE04EC0-301F-11D3-BF4B-00C04F79EFBC}") = "listbox,textbox", "WindowsApplication2\listbox,textbox.csproj", "{F75F0F00-81A8-4C43-AC19-DC9F9AD07E41}"
EndProject
Project("{FAE04EC0-301F-11D3-BF4B-00C04F79EFBC}") = "공장편의점", "공장편의점\공장편의점.csproj", "{A839A60C-48CF-4509-862F-2A8305474EF9}"
EndProject
Global
	GlobalSection(SolutionConfigurationPlatforms) = preSolution
		Debug|Any CPU = Debug|Any CPU
		Release|Any CPU = Release|Any CPU
	EndGlobalSection
	GlobalSection(ProjectConfigurationPlatforms) = postSolution
		{F75F0F00-81A8-4C43-AC19-DC9F9AD07E41}.Debug|Any CPU.ActiveCfg = Debug|Any CPU
		{F75F0F00-81A8-4C43-AC19-DC9F9AD07E41}.Debug|Any CPU.Build.0 = Debug|Any CPU
		{F75F0F00-81A8-4C43-AC19-DC9F9AD07E41}.Release|Any CPU.ActiveCfg = Release|Any CPU
		{F75F0F00-81A8-4C43-AC19-DC9F9AD07E41}.Release|Any CPU.Build.0 = Release|Any CPU
		{A839A60C-48CF-4509-862F-2A8305474EF9}.Debug|Any CPU.ActiveCfg = Debug|Any CPU
		{A839A60C-48CF-4509-862F-2A8305474EF9}.Debug|Any CPU.Build.0 = Debug|Any CPU
		{A839A60C-48CF-4509-862F-2A8305474EF9}.Release|Any CPU.ActiveCfg = Release|Any CPU
		{A839A60C-48CF-4509-862F-2A8305474EF9}.Release|Any CPU.Build.0 = Release|Any CPU
	EndGlobalSection
	GlobalSection(SolutionProperties) = preSolution
		HideSolutionNode = FALSE
	EndGlobalSection
EndGlobal
