
Microsoft Visual Studio Solution File, Format Version 9.00
# Visual Studio 2005
Project("{8BC9CEB8-8B4A-11D0-8D11-00A0C91BC942}") = "01. 친구", "1013\1013.vcproj", "{AF003842-F771-4A2C-B6D9-A673769CEE52}"
EndProject
Project("{8BC9CEB8-8B4A-11D0-8D11-00A0C91BC942}") = "02. 클래스가 친구로", "02. 클래스가 친구로\02. 클래스가 친구로.vcproj", "{D1689869-B7F6-4018-B537-8C55DAF3D31E}"
EndProject
Project("{8BC9CEB8-8B4A-11D0-8D11-00A0C91BC942}") = "03. 함수 중복(오버로딩)", "03. 함수 중복\03. 함수 중복.vcproj", "{3365BB7A-DD02-4AEE-863F-19BF8662D895}"
EndProject
Project("{8BC9CEB8-8B4A-11D0-8D11-00A0C91BC942}") = "04. 오버로딩 예제", "04. 오버로딩 예제\04. 오버로딩 예제.vcproj", "{2E711D1D-73FD-41BC-A2EC-9EAF7BEB4EC7}"
EndProject
Project("{8BC9CEB8-8B4A-11D0-8D11-00A0C91BC942}") = "05. 객체 배열", "05. 객체 배열\05. 객체 배열.vcproj", "{BEBE1DC6-D1C7-44BD-9071-3BF9A8C1435E}"
EndProject
Project("{8BC9CEB8-8B4A-11D0-8D11-00A0C91BC942}") = "06. operator", "06. operator\06. operator.vcproj", "{C2B494D8-C080-4D9A-8E5E-C6493E28A4F2}"
EndProject
Project("{8BC9CEB8-8B4A-11D0-8D11-00A0C91BC942}") = "06.2 operator 없어도 됨", "06.2 operator 없어도 됨\06.2 operator 없어도 됨.vcproj", "{9C93C087-8398-4BDC-BA79-67552410FECA}"
EndProject
Project("{8BC9CEB8-8B4A-11D0-8D11-00A0C91BC942}") = "07", "07\07.vcproj", "{426BFDB3-8F49-4AB0-9FEC-8F19EC99839A}"
EndProject
Global
	GlobalSection(SolutionConfigurationPlatforms) = preSolution
		Debug|Win32 = Debug|Win32
		Release|Win32 = Release|Win32
	EndGlobalSection
	GlobalSection(ProjectConfigurationPlatforms) = postSolution
		{AF003842-F771-4A2C-B6D9-A673769CEE52}.Debug|Win32.ActiveCfg = Debug|Win32
		{AF003842-F771-4A2C-B6D9-A673769CEE52}.Debug|Win32.Build.0 = Debug|Win32
		{AF003842-F771-4A2C-B6D9-A673769CEE52}.Release|Win32.ActiveCfg = Release|Win32
		{AF003842-F771-4A2C-B6D9-A673769CEE52}.Release|Win32.Build.0 = Release|Win32
		{D1689869-B7F6-4018-B537-8C55DAF3D31E}.Debug|Win32.ActiveCfg = Debug|Win32
		{D1689869-B7F6-4018-B537-8C55DAF3D31E}.Debug|Win32.Build.0 = Debug|Win32
		{D1689869-B7F6-4018-B537-8C55DAF3D31E}.Release|Win32.ActiveCfg = Release|Win32
		{D1689869-B7F6-4018-B537-8C55DAF3D31E}.Release|Win32.Build.0 = Release|Win32
		{3365BB7A-DD02-4AEE-863F-19BF8662D895}.Debug|Win32.ActiveCfg = Debug|Win32
		{3365BB7A-DD02-4AEE-863F-19BF8662D895}.Debug|Win32.Build.0 = Debug|Win32
		{3365BB7A-DD02-4AEE-863F-19BF8662D895}.Release|Win32.ActiveCfg = Release|Win32
		{3365BB7A-DD02-4AEE-863F-19BF8662D895}.Release|Win32.Build.0 = Release|Win32
		{2E711D1D-73FD-41BC-A2EC-9EAF7BEB4EC7}.Debug|Win32.ActiveCfg = Debug|Win32
		{2E711D1D-73FD-41BC-A2EC-9EAF7BEB4EC7}.Debug|Win32.Build.0 = Debug|Win32
		{2E711D1D-73FD-41BC-A2EC-9EAF7BEB4EC7}.Release|Win32.ActiveCfg = Release|Win32
		{2E711D1D-73FD-41BC-A2EC-9EAF7BEB4EC7}.Release|Win32.Build.0 = Release|Win32
		{BEBE1DC6-D1C7-44BD-9071-3BF9A8C1435E}.Debug|Win32.ActiveCfg = Debug|Win32
		{BEBE1DC6-D1C7-44BD-9071-3BF9A8C1435E}.Debug|Win32.Build.0 = Debug|Win32
		{BEBE1DC6-D1C7-44BD-9071-3BF9A8C1435E}.Release|Win32.ActiveCfg = Release|Win32
		{BEBE1DC6-D1C7-44BD-9071-3BF9A8C1435E}.Release|Win32.Build.0 = Release|Win32
		{C2B494D8-C080-4D9A-8E5E-C6493E28A4F2}.Debug|Win32.ActiveCfg = Debug|Win32
		{C2B494D8-C080-4D9A-8E5E-C6493E28A4F2}.Debug|Win32.Build.0 = Debug|Win32
		{C2B494D8-C080-4D9A-8E5E-C6493E28A4F2}.Release|Win32.ActiveCfg = Release|Win32
		{C2B494D8-C080-4D9A-8E5E-C6493E28A4F2}.Release|Win32.Build.0 = Release|Win32
		{9C93C087-8398-4BDC-BA79-67552410FECA}.Debug|Win32.ActiveCfg = Debug|Win32
		{9C93C087-8398-4BDC-BA79-67552410FECA}.Debug|Win32.Build.0 = Debug|Win32
		{9C93C087-8398-4BDC-BA79-67552410FECA}.Release|Win32.ActiveCfg = Release|Win32
		{9C93C087-8398-4BDC-BA79-67552410FECA}.Release|Win32.Build.0 = Release|Win32
		{426BFDB3-8F49-4AB0-9FEC-8F19EC99839A}.Debug|Win32.ActiveCfg = Debug|Win32
		{426BFDB3-8F49-4AB0-9FEC-8F19EC99839A}.Debug|Win32.Build.0 = Debug|Win32
		{426BFDB3-8F49-4AB0-9FEC-8F19EC99839A}.Release|Win32.ActiveCfg = Release|Win32
		{426BFDB3-8F49-4AB0-9FEC-8F19EC99839A}.Release|Win32.Build.0 = Release|Win32
	EndGlobalSection
	GlobalSection(SolutionProperties) = preSolution
		HideSolutionNode = FALSE
	EndGlobalSection
EndGlobal
