
Microsoft Visual Studio Solution File, Format Version 12.00
# Visual Studio 14
VisualStudioVersion = 14.0.25420.1
MinimumVisualStudioVersion = 10.0.40219.1
Project("{FAE04EC0-301F-11D3-BF4B-00C04F79EFBC}") = "채팅프로그램", "채팅프로그램\채팅프로그램.csproj", "{AD82930A-0109-454D-A26F-02C3B3BFA88C}"
EndProject
Project("{FAE04EC0-301F-11D3-BF4B-00C04F79EFBC}") = "서버프로그램", "서버프로그램\서버프로그램.csproj", "{6EBEF8EB-3214-47DD-9A95-20594C8D786B}"
EndProject
Global
	GlobalSection(SolutionConfigurationPlatforms) = preSolution
		Debug|Any CPU = Debug|Any CPU
		Release|Any CPU = Release|Any CPU
	EndGlobalSection
	GlobalSection(ProjectConfigurationPlatforms) = postSolution
		{AD82930A-0109-454D-A26F-02C3B3BFA88C}.Debug|Any CPU.ActiveCfg = Debug|Any CPU
		{AD82930A-0109-454D-A26F-02C3B3BFA88C}.Debug|Any CPU.Build.0 = Debug|Any CPU
		{AD82930A-0109-454D-A26F-02C3B3BFA88C}.Release|Any CPU.ActiveCfg = Release|Any CPU
		{AD82930A-0109-454D-A26F-02C3B3BFA88C}.Release|Any CPU.Build.0 = Release|Any CPU
		{6EBEF8EB-3214-47DD-9A95-20594C8D786B}.Debug|Any CPU.ActiveCfg = Debug|Any CPU
		{6EBEF8EB-3214-47DD-9A95-20594C8D786B}.Debug|Any CPU.Build.0 = Debug|Any CPU
		{6EBEF8EB-3214-47DD-9A95-20594C8D786B}.Release|Any CPU.ActiveCfg = Release|Any CPU
		{6EBEF8EB-3214-47DD-9A95-20594C8D786B}.Release|Any CPU.Build.0 = Release|Any CPU
	EndGlobalSection
	GlobalSection(SolutionProperties) = preSolution
		HideSolutionNode = FALSE
	EndGlobalSection
EndGlobal
